
Microsoft Visual Studio Solution File, Format Version 12.00
# Visual Studio Version 16
VisualStudioVersion = 16.0.30413.136
MinimumVisualStudioVersion = 10.0.40219.1
Project("{9A19103F-16F7-4668-BE54-9A1E7A4F7556}") = "M13.InterviewProject", "M13.InterviewProject\M13.InterviewProject.csproj", "{31102FCE-EF4C-4920-A920-69C8EEA7E314}"
EndProject
Project("{9A19103F-16F7-4668-BE54-9A1E7A4F7556}") = "M13.Domain", "M13.Domain\M13.Domain.csproj", "{6D2418A2-FBB3-44FF-B6BD-9E60416AF7DE}"
EndProject
Project("{9A19103F-16F7-4668-BE54-9A1E7A4F7556}") = "M13.Infrastructure", "M13.Infrastructure\M13.Infrastructure.csproj", "{E0DCB5CA-8AD4-4DDC-816A-CA5FF83F6B3B}"
EndProject
Global
	GlobalSection(SolutionConfigurationPlatforms) = preSolution
		Debug|Any CPU = Debug|Any CPU
		Release|Any CPU = Release|Any CPU
	EndGlobalSection
	GlobalSection(ProjectConfigurationPlatforms) = postSolution
		{31102FCE-EF4C-4920-A920-69C8EEA7E314}.Debug|Any CPU.ActiveCfg = Debug|Any CPU
		{31102FCE-EF4C-4920-A920-69C8EEA7E314}.Debug|Any CPU.Build.0 = Debug|Any CPU
		{31102FCE-EF4C-4920-A920-69C8EEA7E314}.Release|Any CPU.ActiveCfg = Release|Any CPU
		{31102FCE-EF4C-4920-A920-69C8EEA7E314}.Release|Any CPU.Build.0 = Release|Any CPU
		{6D2418A2-FBB3-44FF-B6BD-9E60416AF7DE}.Debug|Any CPU.ActiveCfg = Debug|Any CPU
		{6D2418A2-FBB3-44FF-B6BD-9E60416AF7DE}.Debug|Any CPU.Build.0 = Debug|Any CPU
		{6D2418A2-FBB3-44FF-B6BD-9E60416AF7DE}.Release|Any CPU.ActiveCfg = Release|Any CPU
		{6D2418A2-FBB3-44FF-B6BD-9E60416AF7DE}.Release|Any CPU.Build.0 = Release|Any CPU
		{E0DCB5CA-8AD4-4DDC-816A-CA5FF83F6B3B}.Debug|Any CPU.ActiveCfg = Debug|Any CPU
		{E0DCB5CA-8AD4-4DDC-816A-CA5FF83F6B3B}.Debug|Any CPU.Build.0 = Debug|Any CPU
		{E0DCB5CA-8AD4-4DDC-816A-CA5FF83F6B3B}.Release|Any CPU.ActiveCfg = Release|Any CPU
		{E0DCB5CA-8AD4-4DDC-816A-CA5FF83F6B3B}.Release|Any CPU.Build.0 = Release|Any CPU
	EndGlobalSection
	GlobalSection(SolutionProperties) = preSolution
		HideSolutionNode = FALSE
	EndGlobalSection
	GlobalSection(ExtensibilityGlobals) = postSolution
		SolutionGuid = {1DC78D89-8E6B-4AF7-B33D-0550BB58D218}
	EndGlobalSection
EndGlobal
